
Microsoft Visual Studio Solution File, Format Version 12.00
# Visual Studio Version 17
VisualStudioVersion = 17.0.32014.148
MinimumVisualStudioVersion = 10.0.40219.1
Project("{FAE04EC0-301F-11D3-BF4B-00C04F79EFBC}") = "CabInvoiceGenerator", "CabInvoiceGenerator.csproj", "{D7B3D152-A6C2-48D1-B040-5588184DAF71}"
EndProject
Project("{FAE04EC0-301F-11D3-BF4B-00C04F79EFBC}") = "CabInvoiceGeneratorTest", "CabInvoiceGeneratorTest\CabInvoiceGeneratorTest.csproj", "{337D03CD-851C-4689-829C-0E694838A63F}"
EndProject
Global
	GlobalSection(SolutionConfigurationPlatforms) = preSolution
		Debug|Any CPU = Debug|Any CPU
		Release|Any CPU = Release|Any CPU
	EndGlobalSection
	GlobalSection(ProjectConfigurationPlatforms) = postSolution
		{D7B3D152-A6C2-48D1-B040-5588184DAF71}.Debug|Any CPU.ActiveCfg = Debug|Any CPU
		{D7B3D152-A6C2-48D1-B040-5588184DAF71}.Debug|Any CPU.Build.0 = Debug|Any CPU
		{D7B3D152-A6C2-48D1-B040-5588184DAF71}.Release|Any CPU.ActiveCfg = Release|Any CPU
		{D7B3D152-A6C2-48D1-B040-5588184DAF71}.Release|Any CPU.Build.0 = Release|Any CPU
		{337D03CD-851C-4689-829C-0E694838A63F}.Debug|Any CPU.ActiveCfg = Debug|Any CPU
		{337D03CD-851C-4689-829C-0E694838A63F}.Debug|Any CPU.Build.0 = Debug|Any CPU
		{337D03CD-851C-4689-829C-0E694838A63F}.Release|Any CPU.ActiveCfg = Release|Any CPU
		{337D03CD-851C-4689-829C-0E694838A63F}.Release|Any CPU.Build.0 = Release|Any CPU
	EndGlobalSection
	GlobalSection(SolutionProperties) = preSolution
		HideSolutionNode = FALSE
	EndGlobalSection
	GlobalSection(ExtensibilityGlobals) = postSolution
		SolutionGuid = {6B5D18B6-8528-46BB-9B9F-ED45503E6E3C}
	EndGlobalSection
EndGlobal
